// !$*UTF8*$!
{
	archiveVersion = 1;
	classes = {
	};
	objectVersion = 56;
	objects = {

/* Begin PBXBuildFile section */
		65017EC32BC69BE900E8B127 /* UIViewControllerUtils.swift in Sources */ = {isa = PBXBuildFile; fileRef = 65017EC22BC69BE900E8B127 /* UIViewControllerUtils.swift */; };
		65017EC72BC6AFF600E8B127 /* MainViewController.swift in Sources */ = {isa = PBXBuildFile; fileRef = 65017EC62BC6AFF600E8B127 /* MainViewController.swift */; };
		65017ECA2BC7DF8E00E8B127 /* CharacterViewController.swift in Sources */ = {isa = PBXBuildFile; fileRef = 65017EC92BC7DF8E00E8B127 /* CharacterViewController.swift */; };
		65017ECC2BC7E83F00E8B127 /* CharacterSummaryHeaderView.xib in Resources */ = {isa = PBXBuildFile; fileRef = 65017ECB2BC7E83F00E8B127 /* CharacterSummaryHeaderView.xib */; };
		65017ECE2BC7EA5500E8B127 /* CharacterSummaryHeaderView.swift in Sources */ = {isa = PBXBuildFile; fileRef = 65017ECD2BC7EA5500E8B127 /* CharacterSummaryHeaderView.swift */; };
		6532EDF02BD39E06000E6A29 /* DogTableViewCell.swift in Sources */ = {isa = PBXBuildFile; fileRef = 6532EDEF2BD39E06000E6A29 /* DogTableViewCell.swift */; };
		6532EDF32BD3A162000E6A29 /* CatTableViewCell.swift in Sources */ = {isa = PBXBuildFile; fileRef = 6532EDF22BD3A162000E6A29 /* CatTableViewCell.swift */; };
		6532EDF52BD3A177000E6A29 /* CatViewController.swift in Sources */ = {isa = PBXBuildFile; fileRef = 6532EDF42BD3A177000E6A29 /* CatViewController.swift */; };
		6532EDF72BD3A668000E6A29 /* AnimalDetailViewController.swift in Sources */ = {isa = PBXBuildFile; fileRef = 6532EDF62BD3A668000E6A29 /* AnimalDetailViewController.swift */; };
		6532EDFA2BD3A7EC000E6A29 /* DogViewModel.swift in Sources */ = {isa = PBXBuildFile; fileRef = 6532EDF92BD3A7EC000E6A29 /* DogViewModel.swift */; };
		6532EDFC2BD3B0BB000E6A29 /* DogModel.swift in Sources */ = {isa = PBXBuildFile; fileRef = 6532EDFB2BD3B0BB000E6A29 /* DogModel.swift */; };
		6532EDFE2BD3B380000E6A29 /* NetworkError.swift in Sources */ = {isa = PBXBuildFile; fileRef = 6532EDFD2BD3B380000E6A29 /* NetworkError.swift */; };
		6577CB2A2BC3C6C700A1FA53 /* ContainerViewController.swift in Sources */ = {isa = PBXBuildFile; fileRef = 6577CB292BC3C6C700A1FA53 /* ContainerViewController.swift */; };
		6577CB2C2BC3D9FA00A1FA53 /* OnboardingViewController.swift in Sources */ = {isa = PBXBuildFile; fileRef = 6577CB2B2BC3D9FA00A1FA53 /* OnboardingViewController.swift */; };
		659287372BD69E4800F5294C /* DogViewController.swift in Sources */ = {isa = PBXBuildFile; fileRef = 659287362BD69E4800F5294C /* DogViewController.swift */; };
		65BB2A562BC57720006ED919 /* LocalState.swift in Sources */ = {isa = PBXBuildFile; fileRef = 65BB2A552BC57720006ED919 /* LocalState.swift */; };
		65E179AF2BD8ECC00053024C /* CatModel.swift in Sources */ = {isa = PBXBuildFile; fileRef = 65E179AE2BD8ECC00053024C /* CatModel.swift */; };
		65E179B12BD8ED2C0053024C /* CatViewModel.swift in Sources */ = {isa = PBXBuildFile; fileRef = 65E179B02BD8ED2C0053024C /* CatViewModel.swift */; };
		65E278A22BDB95F9001138DD /* ShowAlert.swift in Sources */ = {isa = PBXBuildFile; fileRef = 65E278A12BDB95F9001138DD /* ShowAlert.swift */; };
		65EDFC872BD78DC400CCE5B0 /* foxUnitTests.swift in Sources */ = {isa = PBXBuildFile; fileRef = 65EDFC862BD78DC400CCE5B0 /* foxUnitTests.swift */; };
		65EDFC8E2BD78E7100CCE5B0 /* SomeTests.swift in Sources */ = {isa = PBXBuildFile; fileRef = 65EDFC8D2BD78E7100CCE5B0 /* SomeTests.swift */; };
		65EF592E2BBFE623006E58F0 /* AppDelegate.swift in Sources */ = {isa = PBXBuildFile; fileRef = 65EF592D2BBFE623006E58F0 /* AppDelegate.swift */; };
		65EF59302BBFE623006E58F0 /* SceneDelegate.swift in Sources */ = {isa = PBXBuildFile; fileRef = 65EF592F2BBFE623006E58F0 /* SceneDelegate.swift */; };
		65EF59352BBFE623006E58F0 /* Main.storyboard in Resources */ = {isa = PBXBuildFile; fileRef = 65EF59332BBFE623006E58F0 /* Main.storyboard */; };
		65EF59372BBFE627006E58F0 /* Assets.xcassets in Resources */ = {isa = PBXBuildFile; fileRef = 65EF59362BBFE627006E58F0 /* Assets.xcassets */; };
		65EF593A2BBFE627006E58F0 /* LaunchScreen.storyboard in Resources */ = {isa = PBXBuildFile; fileRef = 65EF59382BBFE627006E58F0 /* LaunchScreen.storyboard */; };
		65EF59432BBFE7AC006E58F0 /* LoginViewController.swift in Sources */ = {isa = PBXBuildFile; fileRef = 65EF59422BBFE7AC006E58F0 /* LoginViewController.swift */; };
		65EF59452BBFE7C3006E58F0 /* LoginView.swift in Sources */ = {isa = PBXBuildFile; fileRef = 65EF59442BBFE7C3006E58F0 /* LoginView.swift */; };
/* End PBXBuildFile section */

/* Begin PBXContainerItemProxy section */
		65EDFC882BD78DC400CCE5B0 /* PBXContainerItemProxy */ = {
			isa = PBXContainerItemProxy;
			containerPortal = 65EF59222BBFE623006E58F0 /* Project object */;
			proxyType = 1;
			remoteGlobalIDString = 65EF59292BBFE623006E58F0;
			remoteInfo = fox;
		};
/* End PBXContainerItemProxy section */

/* Begin PBXFileReference section */
		65017EC22BC69BE900E8B127 /* UIViewControllerUtils.swift */ = {isa = PBXFileReference; lastKnownFileType = sourcecode.swift; path = UIViewControllerUtils.swift; sourceTree = "<group>"; };
		65017EC62BC6AFF600E8B127 /* MainViewController.swift */ = {isa = PBXFileReference; lastKnownFileType = sourcecode.swift; path = MainViewController.swift; sourceTree = "<group>"; };
		65017EC92BC7DF8E00E8B127 /* CharacterViewController.swift */ = {isa = PBXFileReference; lastKnownFileType = sourcecode.swift; path = CharacterViewController.swift; sourceTree = "<group>"; };
		65017ECB2BC7E83F00E8B127 /* CharacterSummaryHeaderView.xib */ = {isa = PBXFileReference; lastKnownFileType = file.xib; path = CharacterSummaryHeaderView.xib; sourceTree = "<group>"; };
		65017ECD2BC7EA5500E8B127 /* CharacterSummaryHeaderView.swift */ = {isa = PBXFileReference; lastKnownFileType = sourcecode.swift; path = CharacterSummaryHeaderView.swift; sourceTree = "<group>"; };
		6532EDEF2BD39E06000E6A29 /* DogTableViewCell.swift */ = {isa = PBXFileReference; lastKnownFileType = sourcecode.swift; path = DogTableViewCell.swift; sourceTree = "<group>"; };
		6532EDF22BD3A162000E6A29 /* CatTableViewCell.swift */ = {isa = PBXFileReference; lastKnownFileType = sourcecode.swift; path = CatTableViewCell.swift; sourceTree = "<group>"; };
		6532EDF42BD3A177000E6A29 /* CatViewController.swift */ = {isa = PBXFileReference; lastKnownFileType = sourcecode.swift; path = CatViewController.swift; sourceTree = "<group>"; };
		6532EDF62BD3A668000E6A29 /* AnimalDetailViewController.swift */ = {isa = PBXFileReference; lastKnownFileType = sourcecode.swift; path = AnimalDetailViewController.swift; sourceTree = "<group>"; };
		6532EDF92BD3A7EC000E6A29 /* DogViewModel.swift */ = {isa = PBXFileReference; lastKnownFileType = sourcecode.swift; path = DogViewModel.swift; sourceTree = "<group>"; };
		6532EDFB2BD3B0BB000E6A29 /* DogModel.swift */ = {isa = PBXFileReference; lastKnownFileType = sourcecode.swift; path = DogModel.swift; sourceTree = "<group>"; };
		6532EDFD2BD3B380000E6A29 /* NetworkError.swift */ = {isa = PBXFileReference; lastKnownFileType = sourcecode.swift; path = NetworkError.swift; sourceTree = "<group>"; };
		6577CB292BC3C6C700A1FA53 /* ContainerViewController.swift */ = {isa = PBXFileReference; lastKnownFileType = sourcecode.swift; path = ContainerViewController.swift; sourceTree = "<group>"; };
		6577CB2B2BC3D9FA00A1FA53 /* OnboardingViewController.swift */ = {isa = PBXFileReference; lastKnownFileType = sourcecode.swift; path = OnboardingViewController.swift; sourceTree = "<group>"; };
		659287362BD69E4800F5294C /* DogViewController.swift */ = {isa = PBXFileReference; lastKnownFileType = sourcecode.swift; path = DogViewController.swift; sourceTree = "<group>"; };
		65BB2A552BC57720006ED919 /* LocalState.swift */ = {isa = PBXFileReference; lastKnownFileType = sourcecode.swift; path = LocalState.swift; sourceTree = "<group>"; };
		65E179AE2BD8ECC00053024C /* CatModel.swift */ = {isa = PBXFileReference; lastKnownFileType = sourcecode.swift; path = CatModel.swift; sourceTree = "<group>"; };
		65E179B02BD8ED2C0053024C /* CatViewModel.swift */ = {isa = PBXFileReference; lastKnownFileType = sourcecode.swift; path = CatViewModel.swift; sourceTree = "<group>"; };
		65E278A12BDB95F9001138DD /* ShowAlert.swift */ = {isa = PBXFileReference; lastKnownFileType = sourcecode.swift; path = ShowAlert.swift; sourceTree = "<group>"; };
		65EDFC842BD78DC300CCE5B0 /* foxUnitTests.xctest */ = {isa = PBXFileReference; explicitFileType = wrapper.cfbundle; includeInIndex = 0; path = foxUnitTests.xctest; sourceTree = BUILT_PRODUCTS_DIR; };
		65EDFC862BD78DC400CCE5B0 /* foxUnitTests.swift */ = {isa = PBXFileReference; lastKnownFileType = sourcecode.swift; path = foxUnitTests.swift; sourceTree = "<group>"; };
		65EDFC8D2BD78E7100CCE5B0 /* SomeTests.swift */ = {isa = PBXFileReference; lastKnownFileType = sourcecode.swift; path = SomeTests.swift; sourceTree = "<group>"; };
		65EF592A2BBFE623006E58F0 /* fox.app */ = {isa = PBXFileReference; explicitFileType = wrapper.application; includeInIndex = 0; path = fox.app; sourceTree = BUILT_PRODUCTS_DIR; };
		65EF592D2BBFE623006E58F0 /* AppDelegate.swift */ = {isa = PBXFileReference; lastKnownFileType = sourcecode.swift; path = AppDelegate.swift; sourceTree = "<group>"; };
		65EF592F2BBFE623006E58F0 /* SceneDelegate.swift */ = {isa = PBXFileReference; lastKnownFileType = sourcecode.swift; path = SceneDelegate.swift; sourceTree = "<group>"; };
		65EF59342BBFE623006E58F0 /* Base */ = {isa = PBXFileReference; lastKnownFileType = file.storyboard; name = Base; path = Base.lproj/Main.storyboard; sourceTree = "<group>"; };
		65EF59362BBFE627006E58F0 /* Assets.xcassets */ = {isa = PBXFileReference; lastKnownFileType = folder.assetcatalog; path = Assets.xcassets; sourceTree = "<group>"; };
		65EF59392BBFE627006E58F0 /* Base */ = {isa = PBXFileReference; lastKnownFileType = file.storyboard; name = Base; path = Base.lproj/LaunchScreen.storyboard; sourceTree = "<group>"; };
		65EF593B2BBFE627006E58F0 /* Info.plist */ = {isa = PBXFileReference; lastKnownFileType = text.plist.xml; path = Info.plist; sourceTree = "<group>"; };
		65EF59422BBFE7AC006E58F0 /* LoginViewController.swift */ = {isa = PBXFileReference; lastKnownFileType = sourcecode.swift; path = LoginViewController.swift; sourceTree = "<group>"; };
		65EF59442BBFE7C3006E58F0 /* LoginView.swift */ = {isa = PBXFileReference; lastKnownFileType = sourcecode.swift; path = LoginView.swift; sourceTree = "<group>"; };
/* End PBXFileReference section */

/* Begin PBXFrameworksBuildPhase section */
		65EDFC812BD78DC300CCE5B0 /* Frameworks */ = {
			isa = PBXFrameworksBuildPhase;
			buildActionMask = 2147483647;
			files = (
			);
			runOnlyForDeploymentPostprocessing = 0;
		};
		65EF59272BBFE623006E58F0 /* Frameworks */ = {
			isa = PBXFrameworksBuildPhase;
			buildActionMask = 2147483647;
			files = (
			);
			runOnlyForDeploymentPostprocessing = 0;
		};
/* End PBXFrameworksBuildPhase section */

/* Begin PBXGroup section */
		65017EC82BC7DF4900E8B127 /* characterSummary */ = {
			isa = PBXGroup;
			children = (
				65017ECB2BC7E83F00E8B127 /* CharacterSummaryHeaderView.xib */,
				65017ECD2BC7EA5500E8B127 /* CharacterSummaryHeaderView.swift */,
			);
			path = characterSummary;
			sourceTree = "<group>";
		};
		6532EDEC2BD39AF2000E6A29 /* dogs */ = {
			isa = PBXGroup;
			children = (
				6532EDF92BD3A7EC000E6A29 /* DogViewModel.swift */,
				6532EDEF2BD39E06000E6A29 /* DogTableViewCell.swift */,
				6532EDFB2BD3B0BB000E6A29 /* DogModel.swift */,
				659287362BD69E4800F5294C /* DogViewController.swift */,
			);
			path = dogs;
			sourceTree = "<group>";
		};
		6532EDF12BD3A14C000E6A29 /* cats */ = {
			isa = PBXGroup;
			children = (
				6532EDF22BD3A162000E6A29 /* CatTableViewCell.swift */,
				6532EDF42BD3A177000E6A29 /* CatViewController.swift */,
				65E179AE2BD8ECC00053024C /* CatModel.swift */,
				65E179B02BD8ED2C0053024C /* CatViewModel.swift */,
			);
			path = cats;
			sourceTree = "<group>";
		};
		6577CB282BC3C68200A1FA53 /* onboarding */ = {
			isa = PBXGroup;
			children = (
				6577CB292BC3C6C700A1FA53 /* ContainerViewController.swift */,
				6577CB2B2BC3D9FA00A1FA53 /* OnboardingViewController.swift */,
			);
			path = onboarding;
			sourceTree = "<group>";
		};
		65BB2A512BC55CFA006ED919 /* home */ = {
			isa = PBXGroup;
			children = (
				6532EDF12BD3A14C000E6A29 /* cats */,
				6532EDEC2BD39AF2000E6A29 /* dogs */,
				6532EDF62BD3A668000E6A29 /* AnimalDetailViewController.swift */,
			);
			path = home;
			sourceTree = "<group>";
		};
		65BB2A542BC57708006ED919 /* utils */ = {
			isa = PBXGroup;
			children = (
				6532EDFD2BD3B380000E6A29 /* NetworkError.swift */,
				65BB2A552BC57720006ED919 /* LocalState.swift */,
				65017EC22BC69BE900E8B127 /* UIViewControllerUtils.swift */,
				65E278A12BDB95F9001138DD /* ShowAlert.swift */,
			);
			path = utils;
			sourceTree = "<group>";
		};
		65EDFC852BD78DC400CCE5B0 /* foxUnitTests */ = {
			isa = PBXGroup;
			children = (
				65EDFC862BD78DC400CCE5B0 /* foxUnitTests.swift */,
				65EDFC8D2BD78E7100CCE5B0 /* SomeTests.swift */,
			);
			path = foxUnitTests;
			sourceTree = "<group>";
		};
		65EF59212BBFE623006E58F0 = {
			isa = PBXGroup;
			children = (
				65EF592C2BBFE623006E58F0 /* fox */,
				65EDFC852BD78DC400CCE5B0 /* foxUnitTests */,
				65EF592B2BBFE623006E58F0 /* Products */,
			);
			sourceTree = "<group>";
		};
		65EF592B2BBFE623006E58F0 /* Products */ = {
			isa = PBXGroup;
			children = (
				65EF592A2BBFE623006E58F0 /* fox.app */,
				65EDFC842BD78DC300CCE5B0 /* foxUnitTests.xctest */,
			);
			name = Products;
			sourceTree = "<group>";
		};
		65EF592C2BBFE623006E58F0 /* fox */ = {
			isa = PBXGroup;
			children = (
				65017EC82BC7DF4900E8B127 /* characterSummary */,
				65BB2A542BC57708006ED919 /* utils */,
				65BB2A512BC55CFA006ED919 /* home */,
				6577CB282BC3C68200A1FA53 /* onboarding */,
				65EF59412BBFE765006E58F0 /* login */,
				65EF592D2BBFE623006E58F0 /* AppDelegate.swift */,
				65EF592F2BBFE623006E58F0 /* SceneDelegate.swift */,
				65EF59332BBFE623006E58F0 /* Main.storyboard */,
				65EF59362BBFE627006E58F0 /* Assets.xcassets */,
				65EF59382BBFE627006E58F0 /* LaunchScreen.storyboard */,
				65EF593B2BBFE627006E58F0 /* Info.plist */,
				65017EC62BC6AFF600E8B127 /* MainViewController.swift */,
				65017EC92BC7DF8E00E8B127 /* CharacterViewController.swift */,
			);
			path = fox;
			sourceTree = "<group>";
		};
		65EF59412BBFE765006E58F0 /* login */ = {
			isa = PBXGroup;
			children = (
				65EF59422BBFE7AC006E58F0 /* LoginViewController.swift */,
				65EF59442BBFE7C3006E58F0 /* LoginView.swift */,
			);
			path = login;
			sourceTree = "<group>";
		};
/* End PBXGroup section */

/* Begin PBXNativeTarget section */
		65EDFC832BD78DC300CCE5B0 /* foxUnitTests */ = {
			isa = PBXNativeTarget;
			buildConfigurationList = 65EDFC8C2BD78DC400CCE5B0 /* Build configuration list for PBXNativeTarget "foxUnitTests" */;
			buildPhases = (
				65EDFC802BD78DC300CCE5B0 /* Sources */,
				65EDFC812BD78DC300CCE5B0 /* Frameworks */,
				65EDFC822BD78DC300CCE5B0 /* Resources */,
			);
			buildRules = (
			);
			dependencies = (
				65EDFC892BD78DC400CCE5B0 /* PBXTargetDependency */,
			);
			name = foxUnitTests;
			productName = foxUnitTests;
			productReference = 65EDFC842BD78DC300CCE5B0 /* foxUnitTests.xctest */;
			productType = "com.apple.product-type.bundle.unit-test";
		};
		65EF59292BBFE623006E58F0 /* fox */ = {
			isa = PBXNativeTarget;
			buildConfigurationList = 65EF593E2BBFE627006E58F0 /* Build configuration list for PBXNativeTarget "fox" */;
			buildPhases = (
				65EF59262BBFE623006E58F0 /* Sources */,
				65EF59272BBFE623006E58F0 /* Frameworks */,
				65EF59282BBFE623006E58F0 /* Resources */,
			);
			buildRules = (
			);
			dependencies = (
			);
			name = fox;
			productName = fox;
			productReference = 65EF592A2BBFE623006E58F0 /* fox.app */;
			productType = "com.apple.product-type.application";
		};
/* End PBXNativeTarget section */

/* Begin PBXProject section */
		65EF59222BBFE623006E58F0 /* Project object */ = {
			isa = PBXProject;
			attributes = {
				BuildIndependentTargetsInParallel = 1;
				LastSwiftUpdateCheck = 1520;
				LastUpgradeCheck = 1520;
				TargetAttributes = {
					65EDFC832BD78DC300CCE5B0 = {
						CreatedOnToolsVersion = 15.2;
						TestTargetID = 65EF59292BBFE623006E58F0;
					};
					65EF59292BBFE623006E58F0 = {
						CreatedOnToolsVersion = 15.2;
					};
				};
			};
			buildConfigurationList = 65EF59252BBFE623006E58F0 /* Build configuration list for PBXProject "fox" */;
			compatibilityVersion = "Xcode 14.0";
			developmentRegion = en;
			hasScannedForEncodings = 0;
			knownRegions = (
				en,
				Base,
			);
			mainGroup = 65EF59212BBFE623006E58F0;
			productRefGroup = 65EF592B2BBFE623006E58F0 /* Products */;
			projectDirPath = "";
			projectRoot = "";
			targets = (
				65EF59292BBFE623006E58F0 /* fox */,
				65EDFC832BD78DC300CCE5B0 /* foxUnitTests */,
			);
		};
/* End PBXProject section */

/* Begin PBXResourcesBuildPhase section */
		65EDFC822BD78DC300CCE5B0 /* Resources */ = {
			isa = PBXResourcesBuildPhase;
			buildActionMask = 2147483647;
			files = (
			);
			runOnlyForDeploymentPostprocessing = 0;
		};
		65EF59282BBFE623006E58F0 /* Resources */ = {
			isa = PBXResourcesBuildPhase;
			buildActionMask = 2147483647;
			files = (
				65EF593A2BBFE627006E58F0 /* LaunchScreen.storyboard in Resources */,
				65EF59372BBFE627006E58F0 /* Assets.xcassets in Resources */,
				65017ECC2BC7E83F00E8B127 /* CharacterSummaryHeaderView.xib in Resources */,
				65EF59352BBFE623006E58F0 /* Main.storyboard in Resources */,
			);
			runOnlyForDeploymentPostprocessing = 0;
		};
/* End PBXResourcesBuildPhase section */

/* Begin PBXSourcesBuildPhase section */
		65EDFC802BD78DC300CCE5B0 /* Sources */ = {
			isa = PBXSourcesBuildPhase;
			buildActionMask = 2147483647;
			files = (
				65EDFC872BD78DC400CCE5B0 /* foxUnitTests.swift in Sources */,
				65EDFC8E2BD78E7100CCE5B0 /* SomeTests.swift in Sources */,
			);
			runOnlyForDeploymentPostprocessing = 0;
		};
		65EF59262BBFE623006E58F0 /* Sources */ = {
			isa = PBXSourcesBuildPhase;
			buildActionMask = 2147483647;
			files = (
				65017ECE2BC7EA5500E8B127 /* CharacterSummaryHeaderView.swift in Sources */,
				6532EDF02BD39E06000E6A29 /* DogTableViewCell.swift in Sources */,
				65017ECA2BC7DF8E00E8B127 /* CharacterViewController.swift in Sources */,
				65E278A22BDB95F9001138DD /* ShowAlert.swift in Sources */,
				65017EC32BC69BE900E8B127 /* UIViewControllerUtils.swift in Sources */,
				65017EC72BC6AFF600E8B127 /* MainViewController.swift in Sources */,
				6532EDF72BD3A668000E6A29 /* AnimalDetailViewController.swift in Sources */,
				65EF59432BBFE7AC006E58F0 /* LoginViewController.swift in Sources */,
				65E179AF2BD8ECC00053024C /* CatModel.swift in Sources */,
				6532EDFE2BD3B380000E6A29 /* NetworkError.swift in Sources */,
				6532EDF32BD3A162000E6A29 /* CatTableViewCell.swift in Sources */,
				6577CB2C2BC3D9FA00A1FA53 /* OnboardingViewController.swift in Sources */,
				6532EDF52BD3A177000E6A29 /* CatViewController.swift in Sources */,
				65EF592E2BBFE623006E58F0 /* AppDelegate.swift in Sources */,
				6577CB2A2BC3C6C700A1FA53 /* ContainerViewController.swift in Sources */,
				659287372BD69E4800F5294C /* DogViewController.swift in Sources */,
				65EF59452BBFE7C3006E58F0 /* LoginView.swift in Sources */,
				65E179B12BD8ED2C0053024C /* CatViewModel.swift in Sources */,
				6532EDFC2BD3B0BB000E6A29 /* DogModel.swift in Sources */,
				6532EDFA2BD3A7EC000E6A29 /* DogViewModel.swift in Sources */,
				65EF59302BBFE623006E58F0 /* SceneDelegate.swift in Sources */,
				65BB2A562BC57720006ED919 /* LocalState.swift in Sources */,
			);
			runOnlyForDeploymentPostprocessing = 0;
		};
/* End PBXSourcesBuildPhase section */

/* Begin PBXTargetDependency section */
		65EDFC892BD78DC400CCE5B0 /* PBXTargetDependency */ = {
			isa = PBXTargetDependency;
			target = 65EF59292BBFE623006E58F0 /* fox */;
			targetProxy = 65EDFC882BD78DC400CCE5B0 /* PBXContainerItemProxy */;
		};
/* End PBXTargetDependency section */

/* Begin PBXVariantGroup section */
		65EF59332BBFE623006E58F0 /* Main.storyboard */ = {
			isa = PBXVariantGroup;
			children = (
				65EF59342BBFE623006E58F0 /* Base */,
			);
			name = Main.storyboard;
			sourceTree = "<group>";
		};
		65EF59382BBFE627006E58F0 /* LaunchScreen.storyboard */ = {
			isa = PBXVariantGroup;
			children = (
				65EF59392BBFE627006E58F0 /* Base */,
			);
			name = LaunchScreen.storyboard;
			sourceTree = "<group>";
		};
/* End PBXVariantGroup section */

/* Begin XCBuildConfiguration section */
		65EDFC8A2BD78DC400CCE5B0 /* Debug */ = {
			isa = XCBuildConfiguration;
			buildSettings = {
				BUNDLE_LOADER = "$(TEST_HOST)";
				CODE_SIGN_STYLE = Automatic;
				CURRENT_PROJECT_VERSION = 1;
				GENERATE_INFOPLIST_FILE = YES;
				MARKETING_VERSION = 1.0;
				PRODUCT_BUNDLE_IDENTIFIER = com.sais.foxUnitTests;
				PRODUCT_NAME = "$(TARGET_NAME)";
				SWIFT_EMIT_LOC_STRINGS = NO;
				SWIFT_VERSION = 5.0;
				TARGETED_DEVICE_FAMILY = "1,2";
				TEST_HOST = "$(BUILT_PRODUCTS_DIR)/fox.app/$(BUNDLE_EXECUTABLE_FOLDER_PATH)/fox";
			};
			name = Debug;
		};
		65EDFC8B2BD78DC400CCE5B0 /* Release */ = {
			isa = XCBuildConfiguration;
			buildSettings = {
				BUNDLE_LOADER = "$(TEST_HOST)";
				CODE_SIGN_STYLE = Automatic;
				CURRENT_PROJECT_VERSION = 1;
				GENERATE_INFOPLIST_FILE = YES;
				MARKETING_VERSION = 1.0;
				PRODUCT_BUNDLE_IDENTIFIER = com.sais.foxUnitTests;
				PRODUCT_NAME = "$(TARGET_NAME)";
				SWIFT_EMIT_LOC_STRINGS = NO;
				SWIFT_VERSION = 5.0;
				TARGETED_DEVICE_FAMILY = "1,2";
				TEST_HOST = "$(BUILT_PRODUCTS_DIR)/fox.app/$(BUNDLE_EXECUTABLE_FOLDER_PATH)/fox";
			};
			name = Release;
		};
		65EF593C2BBFE627006E58F0 /* Debug */ = {
			isa = XCBuildConfiguration;
			buildSettings = {
				ALWAYS_SEARCH_USER_PATHS = NO;
				ASSETCATALOG_COMPILER_GENERATE_SWIFT_ASSET_SYMBOL_EXTENSIONS = YES;
				CLANG_ANALYZER_NONNULL = YES;
				CLANG_ANALYZER_NUMBER_OBJECT_CONVERSION = YES_AGGRESSIVE;
				CLANG_CXX_LANGUAGE_STANDARD = "gnu++20";
				CLANG_ENABLE_MODULES = YES;
				CLANG_ENABLE_OBJC_ARC = YES;
				CLANG_ENABLE_OBJC_WEAK = YES;
				CLANG_WARN_BLOCK_CAPTURE_AUTORELEASING = YES;
				CLANG_WARN_BOOL_CONVERSION = YES;
				CLANG_WARN_COMMA = YES;
				CLANG_WARN_CONSTANT_CONVERSION = YES;
				CLANG_WARN_DEPRECATED_OBJC_IMPLEMENTATIONS = YES;
				CLANG_WARN_DIRECT_OBJC_ISA_USAGE = YES_ERROR;
				CLANG_WARN_DOCUMENTATION_COMMENTS = YES;
				CLANG_WARN_EMPTY_BODY = YES;
				CLANG_WARN_ENUM_CONVERSION = YES;
				CLANG_WARN_INFINITE_RECURSION = YES;
				CLANG_WARN_INT_CONVERSION = YES;
				CLANG_WARN_NON_LITERAL_NULL_CONVERSION = YES;
				CLANG_WARN_OBJC_IMPLICIT_RETAIN_SELF = YES;
				CLANG_WARN_OBJC_LITERAL_CONVERSION = YES;
				CLANG_WARN_OBJC_ROOT_CLASS = YES_ERROR;
				CLANG_WARN_QUOTED_INCLUDE_IN_FRAMEWORK_HEADER = YES;
				CLANG_WARN_RANGE_LOOP_ANALYSIS = YES;
				CLANG_WARN_STRICT_PROTOTYPES = YES;
				CLANG_WARN_SUSPICIOUS_MOVE = YES;
				CLANG_WARN_UNGUARDED_AVAILABILITY = YES_AGGRESSIVE;
				CLANG_WARN_UNREACHABLE_CODE = YES;
				CLANG_WARN__DUPLICATE_METHOD_MATCH = YES;
				COPY_PHASE_STRIP = NO;
				DEBUG_INFORMATION_FORMAT = dwarf;
				ENABLE_STRICT_OBJC_MSGSEND = YES;
				ENABLE_TESTABILITY = YES;
				ENABLE_USER_SCRIPT_SANDBOXING = YES;
				GCC_C_LANGUAGE_STANDARD = gnu17;
				GCC_DYNAMIC_NO_PIC = NO;
				GCC_NO_COMMON_BLOCKS = YES;
				GCC_OPTIMIZATION_LEVEL = 0;
				GCC_PREPROCESSOR_DEFINITIONS = (
					"DEBUG=1",
					"$(inherited)",
				);
				GCC_WARN_64_TO_32_BIT_CONVERSION = YES;
				GCC_WARN_ABOUT_RETURN_TYPE = YES_ERROR;
				GCC_WARN_UNDECLARED_SELECTOR = YES;
				GCC_WARN_UNINITIALIZED_AUTOS = YES_AGGRESSIVE;
				GCC_WARN_UNUSED_FUNCTION = YES;
				GCC_WARN_UNUSED_VARIABLE = YES;
				IPHONEOS_DEPLOYMENT_TARGET = 17.2;
				LOCALIZATION_PREFERS_STRING_CATALOGS = YES;
				MTL_ENABLE_DEBUG_INFO = INCLUDE_SOURCE;
				MTL_FAST_MATH = YES;
				ONLY_ACTIVE_ARCH = YES;
				SDKROOT = iphoneos;
				SWIFT_ACTIVE_COMPILATION_CONDITIONS = "DEBUG $(inherited)";
				SWIFT_OPTIMIZATION_LEVEL = "-Onone";
			};
			name = Debug;
		};
		65EF593D2BBFE627006E58F0 /* Release */ = {
			isa = XCBuildConfiguration;
			buildSettings = {
				ALWAYS_SEARCH_USER_PATHS = NO;
				ASSETCATALOG_COMPILER_GENERATE_SWIFT_ASSET_SYMBOL_EXTENSIONS = YES;
				CLANG_ANALYZER_NONNULL = YES;
				CLANG_ANALYZER_NUMBER_OBJECT_CONVERSION = YES_AGGRESSIVE;
				CLANG_CXX_LANGUAGE_STANDARD = "gnu++20";
				CLANG_ENABLE_MODULES = YES;
				CLANG_ENABLE_OBJC_ARC = YES;
				CLANG_ENABLE_OBJC_WEAK = YES;
				CLANG_WARN_BLOCK_CAPTURE_AUTORELEASING = YES;
				CLANG_WARN_BOOL_CONVERSION = YES;
				CLANG_WARN_COMMA = YES;
				CLANG_WARN_CONSTANT_CONVERSION = YES;
				CLANG_WARN_DEPRECATED_OBJC_IMPLEMENTATIONS = YES;
				CLANG_WARN_DIRECT_OBJC_ISA_USAGE = YES_ERROR;
				CLANG_WARN_DOCUMENTATION_COMMENTS = YES;
				CLANG_WARN_EMPTY_BODY = YES;
				CLANG_WARN_ENUM_CONVERSION = YES;
				CLANG_WARN_INFINITE_RECURSION = YES;
				CLANG_WARN_INT_CONVERSION = YES;
				CLANG_WARN_NON_LITERAL_NULL_CONVERSION = YES;
				CLANG_WARN_OBJC_IMPLICIT_RETAIN_SELF = YES;
				CLANG_WARN_OBJC_LITERAL_CONVERSION = YES;
				CLANG_WARN_OBJC_ROOT_CLASS = YES_ERROR;
				CLANG_WARN_QUOTED_INCLUDE_IN_FRAMEWORK_HEADER = YES;
				CLANG_WARN_RANGE_LOOP_ANALYSIS = YES;
				CLANG_WARN_STRICT_PROTOTYPES = YES;
				CLANG_WARN_SUSPICIOUS_MOVE = YES;
				CLANG_WARN_UNGUARDED_AVAILABILITY = YES_AGGRESSIVE;
				CLANG_WARN_UNREACHABLE_CODE = YES;
				CLANG_WARN__DUPLICATE_METHOD_MATCH = YES;
				COPY_PHASE_STRIP = NO;
				DEBUG_INFORMATION_FORMAT = "dwarf-with-dsym";
				ENABLE_NS_ASSERTIONS = NO;
				ENABLE_STRICT_OBJC_MSGSEND = YES;
				ENABLE_USER_SCRIPT_SANDBOXING = YES;
				GCC_C_LANGUAGE_STANDARD = gnu17;
				GCC_NO_COMMON_BLOCKS = YES;
				GCC_WARN_64_TO_32_BIT_CONVERSION = YES;
				GCC_WARN_ABOUT_RETURN_TYPE = YES_ERROR;
				GCC_WARN_UNDECLARED_SELECTOR = YES;
				GCC_WARN_UNINITIALIZED_AUTOS = YES_AGGRESSIVE;
				GCC_WARN_UNUSED_FUNCTION = YES;
				GCC_WARN_UNUSED_VARIABLE = YES;
				IPHONEOS_DEPLOYMENT_TARGET = 17.2;
				LOCALIZATION_PREFERS_STRING_CATALOGS = YES;
				MTL_ENABLE_DEBUG_INFO = NO;
				MTL_FAST_MATH = YES;
				SDKROOT = iphoneos;
				SWIFT_COMPILATION_MODE = wholemodule;
				VALIDATE_PRODUCT = YES;
			};
			name = Release;
		};
		65EF593F2BBFE627006E58F0 /* Debug */ = {
			isa = XCBuildConfiguration;
			buildSettings = {
				ASSETCATALOG_COMPILER_APPICON_NAME = AppIcon;
				ASSETCATALOG_COMPILER_GLOBAL_ACCENT_COLOR_NAME = AccentColor;
				CODE_SIGN_STYLE = Automatic;
				CURRENT_PROJECT_VERSION = 1;
				GENERATE_INFOPLIST_FILE = YES;
				INFOPLIST_FILE = fox/Info.plist;
				INFOPLIST_KEY_UIApplicationSupportsIndirectInputEvents = YES;
				INFOPLIST_KEY_UILaunchStoryboardName = LaunchScreen;
				INFOPLIST_KEY_UIMainStoryboardFile = Main;
				INFOPLIST_KEY_UISupportedInterfaceOrientations = UIInterfaceOrientationPortrait;
				IPHONEOS_DEPLOYMENT_TARGET = 15.0;
				LD_RUNPATH_SEARCH_PATHS = (
					"$(inherited)",
					"@executable_path/Frameworks",
				);
				MARKETING_VERSION = 1.0;
				PRODUCT_BUNDLE_IDENTIFIER = com.sais.fox;
				PRODUCT_NAME = "$(TARGET_NAME)";
				SWIFT_EMIT_LOC_STRINGS = YES;
				SWIFT_VERSION = 5.0;
				TARGETED_DEVICE_FAMILY = "1,2";
			};
			name = Debug;
		};
		65EF59402BBFE627006E58F0 /* Release */ = {
			isa = XCBuildConfiguration;
			buildSettings = {
				ASSETCATALOG_COMPILER_APPICON_NAME = AppIcon;
				ASSETCATALOG_COMPILER_GLOBAL_ACCENT_COLOR_NAME = AccentColor;
				CODE_SIGN_STYLE = Automatic;
				CURRENT_PROJECT_VERSION = 1;
				GENERATE_INFOPLIST_FILE = YES;
				INFOPLIST_FILE = fox/Info.plist;
				INFOPLIST_KEY_UIApplicationSupportsIndirectInputEvents = YES;
				INFOPLIST_KEY_UILaunchStoryboardName = LaunchScreen;
				INFOPLIST_KEY_UIMainStoryboardFile = Main;
				INFOPLIST_KEY_UISupportedInterfaceOrientations = UIInterfaceOrientationPortrait;
				IPHONEOS_DEPLOYMENT_TARGET = 15.0;
				LD_RUNPATH_SEARCH_PATHS = (
					"$(inherited)",
					"@executable_path/Frameworks",
				);
				MARKETING_VERSION = 1.0;
				PRODUCT_BUNDLE_IDENTIFIER = com.sais.fox;
				PRODUCT_NAME = "$(TARGET_NAME)";
				SWIFT_EMIT_LOC_STRINGS = YES;
				SWIFT_VERSION = 5.0;
				TARGETED_DEVICE_FAMILY = "1,2";
			};
			name = Release;
		};
/* End XCBuildConfiguration section */

/* Begin XCConfigurationList section */
		65EDFC8C2BD78DC400CCE5B0 /* Build configuration list for PBXNativeTarget "foxUnitTests" */ = {
			isa = XCConfigurationList;
			buildConfigurations = (
				65EDFC8A2BD78DC400CCE5B0 /* Debug */,
				65EDFC8B2BD78DC400CCE5B0 /* Release */,
			);
			defaultConfigurationIsVisible = 0;
			defaultConfigurationName = Release;
		};
		65EF59252BBFE623006E58F0 /* Build configuration list for PBXProject "fox" */ = {
			isa = XCConfigurationList;
			buildConfigurations = (
				65EF593C2BBFE627006E58F0 /* Debug */,
				65EF593D2BBFE627006E58F0 /* Release */,
			);
			defaultConfigurationIsVisible = 0;
			defaultConfigurationName = Release;
		};
		65EF593E2BBFE627006E58F0 /* Build configuration list for PBXNativeTarget "fox" */ = {
			isa = XCConfigurationList;
			buildConfigurations = (
				65EF593F2BBFE627006E58F0 /* Debug */,
				65EF59402BBFE627006E58F0 /* Release */,
			);
			defaultConfigurationIsVisible = 0;
			defaultConfigurationName = Release;
		};
/* End XCConfigurationList section */
	};
	rootObject = 65EF59222BBFE623006E58F0 /* Project object */;
}
